{
  "nodes": {
    "flake-utils": {
      "locked": {
        "lastModified": 1659877975,
        "narHash": "sha256-zllb8aq3YO3h8B/U0/J1WBgAL8EX5yWf5pMj3G0NAmc=",
        "owner": "numtide",
        "repo": "flake-utils",
        "rev": "c0e246b9b83f637f4681389ecabcb2681b4f3af0",
        "type": "github"
      },
      "original": {
        "owner": "numtide",
        "repo": "flake-utils",
        "type": "github"
      }
    },
    "home-manager": {
      "inputs": {
        "nixpkgs": [
          "nixpkgs"
        ]
      },
      "locked": {
        "lastModified": 1710714957,
        "narHash": "sha256-eZCxuF58YWgaJMMRrn8oRkwRhxooe5kBS/s2wRVr9PA=",
        "owner": "nix-community",
        "repo": "home-manager",
        "rev": "7b3fca5adcf6c709874a8f2e0c364fe9c58db989",
        "type": "github"
      },
      "original": {
        "owner": "nix-community",
        "repo": "home-manager",
        "type": "github"
      }
    },
    "nixgl": {
      "inputs": {
        "flake-utils": "flake-utils",
        "nixpkgs": [
          "nixpkgs"
        ]
      },
      "locked": {
        "lastModified": 1685908677,
        "narHash": "sha256-E4zUPEUFyVWjVm45zICaHRpfGepfkE9Z2OECV9HXfA4=",
        "owner": "guibou",
        "repo": "nixGL",
        "rev": "489d6b095ab9d289fe11af0219a9ff00fe87c7c5",
        "type": "github"
      },
      "original": {
        "owner": "guibou",
        "repo": "nixGL",
        "type": "github"
      }
    },
    "nixos-hardware": {
      "locked": {
        "lastModified": 1710622004,
        "narHash": "sha256-6zR642tXcZzzk3C8BHxlCrR0yh8z8zMXLiuXpWDIpX0=",
        "owner": "NixOS",
        "repo": "nixos-hardware",
        "rev": "968952f950a59dee9ed1e8799dda38c6dfa1bad3",
        "type": "github"
      },
      "original": {
        "owner": "NixOS",
        "ref": "master",
        "repo": "nixos-hardware",
        "type": "github"
      }
    },
    "nixpkgs": {
      "locked": {
        "lastModified": 1710631334,
        "narHash": "sha256-rL5LSYd85kplL5othxK5lmAtjyMOBg390sGBTb3LRMM=",
        "owner": "nixos",
        "repo": "nixpkgs",
        "rev": "c75037bbf9093a2acb617804ee46320d6d1fea5a",
        "type": "github"
      },
      "original": {
        "owner": "nixos",
        "ref": "nixos-unstable",
        "repo": "nixpkgs",
        "type": "github"
      }
    },
    "root": {
      "inputs": {
        "home-manager": "home-manager",
        "nixgl": "nixgl",
        "nixos-hardware": "nixos-hardware",
        "nixpkgs": "nixpkgs"
      }
    }
  },
  "root": "root",
  "version": 7
}
