{
  "nodes": {
    "home-manager": {
      "inputs": {
        "nixpkgs": [
          "nixpkgs"
        ]
      },
      "locked": {
        "lastModified": 1723986931,
        "narHash": "sha256-Fy+KEvDQ+Hc8lJAV3t6leXhZJ2ncU5/esxkgt3b8DEY=",
        "owner": "nix-community",
        "repo": "home-manager",
        "rev": "2598861031b78aadb4da7269df7ca9ddfc3e1671",
        "type": "github"
      },
      "original": {
        "owner": "nix-community",
        "repo": "home-manager",
        "type": "github"
      }
    },
    "nix-flatpak": {
      "locked": {
        "lastModified": 1721549352,
        "narHash": "sha256-nlXJa8RSOX0kykrIYW33ukoHYq+FOSNztHLLgqKwOp8=",
        "owner": "gmodena",
        "repo": "nix-flatpak",
        "rev": "dbce39ea8664820ba9037caaf1e2fad365ed6b4b",
        "type": "github"
      },
      "original": {
        "owner": "gmodena",
        "repo": "nix-flatpak",
        "type": "github"
      }
    },
    "nixos-hardware": {
      "locked": {
        "lastModified": 1724067415,
        "narHash": "sha256-WJBAEFXAtA41RMpK8mvw0cQ62CJkNMBtzcEeNIJV7b0=",
        "owner": "NixOS",
        "repo": "nixos-hardware",
        "rev": "b09c46430ffcf18d575acf5c339b38ac4e1db5d2",
        "type": "github"
      },
      "original": {
        "owner": "NixOS",
        "ref": "master",
        "repo": "nixos-hardware",
        "type": "github"
      }
    },
    "nixpkgs": {
      "locked": {
        "lastModified": 1724224976,
        "narHash": "sha256-Z/ELQhrSd7bMzTO8r7NZgi9g5emh+aRKoCdaAv5fiO0=",
        "owner": "nixos",
        "repo": "nixpkgs",
        "rev": "c374d94f1536013ca8e92341b540eba4c22f9c62",
        "type": "github"
      },
      "original": {
        "owner": "nixos",
        "ref": "nixos-unstable",
        "repo": "nixpkgs",
        "type": "github"
      }
    },
    "root": {
      "inputs": {
        "home-manager": "home-manager",
        "nix-flatpak": "nix-flatpak",
        "nixos-hardware": "nixos-hardware",
        "nixpkgs": "nixpkgs"
      }
    }
  },
  "root": "root",
  "version": 7
}
